
Microsoft Visual Studio Solution File, Format Version 12.00
# Visual Studio 15
VisualStudioVersion = 15.0.27004.2010
MinimumVisualStudioVersion = 10.0.40219.1
Project("{FAE04EC0-301F-11D3-BF4B-00C04F79EFBC}") = "MetaIS_TestApp", "MetaIS_TestApp\MetaIS_TestApp.csproj", "{1A101974-BF22-4325-92F5-7E5606782CB3}"
EndProject
Project("{FAE04EC0-301F-11D3-BF4B-00C04F79EFBC}") = "MetaIS_Test", "MetaIS_Test\MetaIS_Test.csproj", "{BBB57684-A879-48D5-A2E5-FF07E3BD4515}"
EndProject
Project("{9A19103F-16F7-4668-BE54-9A1E7A4F7556}") = "MetaIS", "MetaIS\MetaIS.csproj", "{02567988-2CDB-4E1F-9B3C-72606DB30B3D}"
EndProject
Project("{FAE04EC0-301F-11D3-BF4B-00C04F79EFBC}") = "CSV Viewer App", "CSV Viewer App\CSV Viewer App.csproj", "{C0004D57-895D-484D-B3B3-D603F9BD12EA}"
EndProject
Global
	GlobalSection(SolutionConfigurationPlatforms) = preSolution
		Debug|Any CPU = Debug|Any CPU
		Debug|ARM = Debug|ARM
		Debug|x64 = Debug|x64
		Debug|x86 = Debug|x86
		Release|Any CPU = Release|Any CPU
		Release|ARM = Release|ARM
		Release|x64 = Release|x64
		Release|x86 = Release|x86
	EndGlobalSection
	GlobalSection(ProjectConfigurationPlatforms) = postSolution
		{1A101974-BF22-4325-92F5-7E5606782CB3}.Debug|Any CPU.ActiveCfg = Debug|Any CPU
		{1A101974-BF22-4325-92F5-7E5606782CB3}.Debug|Any CPU.Build.0 = Debug|Any CPU
		{1A101974-BF22-4325-92F5-7E5606782CB3}.Debug|ARM.ActiveCfg = Debug|Any CPU
		{1A101974-BF22-4325-92F5-7E5606782CB3}.Debug|ARM.Build.0 = Debug|Any CPU
		{1A101974-BF22-4325-92F5-7E5606782CB3}.Debug|x64.ActiveCfg = Debug|Any CPU
		{1A101974-BF22-4325-92F5-7E5606782CB3}.Debug|x64.Build.0 = Debug|Any CPU
		{1A101974-BF22-4325-92F5-7E5606782CB3}.Debug|x86.ActiveCfg = Debug|Any CPU
		{1A101974-BF22-4325-92F5-7E5606782CB3}.Debug|x86.Build.0 = Debug|Any CPU
		{1A101974-BF22-4325-92F5-7E5606782CB3}.Release|Any CPU.ActiveCfg = Release|Any CPU
		{1A101974-BF22-4325-92F5-7E5606782CB3}.Release|Any CPU.Build.0 = Release|Any CPU
		{1A101974-BF22-4325-92F5-7E5606782CB3}.Release|ARM.ActiveCfg = Release|Any CPU
		{1A101974-BF22-4325-92F5-7E5606782CB3}.Release|ARM.Build.0 = Release|Any CPU
		{1A101974-BF22-4325-92F5-7E5606782CB3}.Release|x64.ActiveCfg = Release|Any CPU
		{1A101974-BF22-4325-92F5-7E5606782CB3}.Release|x64.Build.0 = Release|Any CPU
		{1A101974-BF22-4325-92F5-7E5606782CB3}.Release|x86.ActiveCfg = Release|Any CPU
		{1A101974-BF22-4325-92F5-7E5606782CB3}.Release|x86.Build.0 = Release|Any CPU
		{BBB57684-A879-48D5-A2E5-FF07E3BD4515}.Debug|Any CPU.ActiveCfg = Debug|Any CPU
		{BBB57684-A879-48D5-A2E5-FF07E3BD4515}.Debug|Any CPU.Build.0 = Debug|Any CPU
		{BBB57684-A879-48D5-A2E5-FF07E3BD4515}.Debug|ARM.ActiveCfg = Debug|Any CPU
		{BBB57684-A879-48D5-A2E5-FF07E3BD4515}.Debug|ARM.Build.0 = Debug|Any CPU
		{BBB57684-A879-48D5-A2E5-FF07E3BD4515}.Debug|x64.ActiveCfg = Debug|Any CPU
		{BBB57684-A879-48D5-A2E5-FF07E3BD4515}.Debug|x64.Build.0 = Debug|Any CPU
		{BBB57684-A879-48D5-A2E5-FF07E3BD4515}.Debug|x86.ActiveCfg = Debug|Any CPU
		{BBB57684-A879-48D5-A2E5-FF07E3BD4515}.Debug|x86.Build.0 = Debug|Any CPU
		{BBB57684-A879-48D5-A2E5-FF07E3BD4515}.Release|Any CPU.ActiveCfg = Release|Any CPU
		{BBB57684-A879-48D5-A2E5-FF07E3BD4515}.Release|Any CPU.Build.0 = Release|Any CPU
		{BBB57684-A879-48D5-A2E5-FF07E3BD4515}.Release|ARM.ActiveCfg = Release|Any CPU
		{BBB57684-A879-48D5-A2E5-FF07E3BD4515}.Release|ARM.Build.0 = Release|Any CPU
		{BBB57684-A879-48D5-A2E5-FF07E3BD4515}.Release|x64.ActiveCfg = Release|Any CPU
		{BBB57684-A879-48D5-A2E5-FF07E3BD4515}.Release|x64.Build.0 = Release|Any CPU
		{BBB57684-A879-48D5-A2E5-FF07E3BD4515}.Release|x86.ActiveCfg = Release|Any CPU
		{BBB57684-A879-48D5-A2E5-FF07E3BD4515}.Release|x86.Build.0 = Release|Any CPU
		{02567988-2CDB-4E1F-9B3C-72606DB30B3D}.Debug|Any CPU.ActiveCfg = Debug|Any CPU
		{02567988-2CDB-4E1F-9B3C-72606DB30B3D}.Debug|Any CPU.Build.0 = Debug|Any CPU
		{02567988-2CDB-4E1F-9B3C-72606DB30B3D}.Debug|ARM.ActiveCfg = Debug|Any CPU
		{02567988-2CDB-4E1F-9B3C-72606DB30B3D}.Debug|ARM.Build.0 = Debug|Any CPU
		{02567988-2CDB-4E1F-9B3C-72606DB30B3D}.Debug|x64.ActiveCfg = Debug|Any CPU
		{02567988-2CDB-4E1F-9B3C-72606DB30B3D}.Debug|x64.Build.0 = Debug|Any CPU
		{02567988-2CDB-4E1F-9B3C-72606DB30B3D}.Debug|x86.ActiveCfg = Debug|Any CPU
		{02567988-2CDB-4E1F-9B3C-72606DB30B3D}.Debug|x86.Build.0 = Debug|Any CPU
		{02567988-2CDB-4E1F-9B3C-72606DB30B3D}.Release|Any CPU.ActiveCfg = Release|Any CPU
		{02567988-2CDB-4E1F-9B3C-72606DB30B3D}.Release|Any CPU.Build.0 = Release|Any CPU
		{02567988-2CDB-4E1F-9B3C-72606DB30B3D}.Release|ARM.ActiveCfg = Release|Any CPU
		{02567988-2CDB-4E1F-9B3C-72606DB30B3D}.Release|ARM.Build.0 = Release|Any CPU
		{02567988-2CDB-4E1F-9B3C-72606DB30B3D}.Release|x64.ActiveCfg = Release|Any CPU
		{02567988-2CDB-4E1F-9B3C-72606DB30B3D}.Release|x64.Build.0 = Release|Any CPU
		{02567988-2CDB-4E1F-9B3C-72606DB30B3D}.Release|x86.ActiveCfg = Release|Any CPU
		{02567988-2CDB-4E1F-9B3C-72606DB30B3D}.Release|x86.Build.0 = Release|Any CPU
		{C0004D57-895D-484D-B3B3-D603F9BD12EA}.Debug|Any CPU.ActiveCfg = Debug|x86
		{C0004D57-895D-484D-B3B3-D603F9BD12EA}.Debug|ARM.ActiveCfg = Debug|ARM
		{C0004D57-895D-484D-B3B3-D603F9BD12EA}.Debug|ARM.Build.0 = Debug|ARM
		{C0004D57-895D-484D-B3B3-D603F9BD12EA}.Debug|ARM.Deploy.0 = Debug|ARM
		{C0004D57-895D-484D-B3B3-D603F9BD12EA}.Debug|x64.ActiveCfg = Debug|x64
		{C0004D57-895D-484D-B3B3-D603F9BD12EA}.Debug|x64.Build.0 = Debug|x64
		{C0004D57-895D-484D-B3B3-D603F9BD12EA}.Debug|x64.Deploy.0 = Debug|x64
		{C0004D57-895D-484D-B3B3-D603F9BD12EA}.Debug|x86.ActiveCfg = Debug|x86
		{C0004D57-895D-484D-B3B3-D603F9BD12EA}.Debug|x86.Build.0 = Debug|x86
		{C0004D57-895D-484D-B3B3-D603F9BD12EA}.Debug|x86.Deploy.0 = Debug|x86
		{C0004D57-895D-484D-B3B3-D603F9BD12EA}.Release|Any CPU.ActiveCfg = Release|x86
		{C0004D57-895D-484D-B3B3-D603F9BD12EA}.Release|ARM.ActiveCfg = Release|ARM
		{C0004D57-895D-484D-B3B3-D603F9BD12EA}.Release|ARM.Build.0 = Release|ARM
		{C0004D57-895D-484D-B3B3-D603F9BD12EA}.Release|ARM.Deploy.0 = Release|ARM
		{C0004D57-895D-484D-B3B3-D603F9BD12EA}.Release|x64.ActiveCfg = Release|x64
		{C0004D57-895D-484D-B3B3-D603F9BD12EA}.Release|x64.Build.0 = Release|x64
		{C0004D57-895D-484D-B3B3-D603F9BD12EA}.Release|x64.Deploy.0 = Release|x64
		{C0004D57-895D-484D-B3B3-D603F9BD12EA}.Release|x86.ActiveCfg = Release|x86
		{C0004D57-895D-484D-B3B3-D603F9BD12EA}.Release|x86.Build.0 = Release|x86
		{C0004D57-895D-484D-B3B3-D603F9BD12EA}.Release|x86.Deploy.0 = Release|x86
	EndGlobalSection
	GlobalSection(SolutionProperties) = preSolution
		HideSolutionNode = FALSE
	EndGlobalSection
	GlobalSection(ExtensibilityGlobals) = postSolution
		SolutionGuid = {F9CDF448-6665-42B3-A440-EB60F9EEA9E0}
	EndGlobalSection
EndGlobal
